
Microsoft Visual Studio Solution File, Format Version 12.00
# Visual Studio Version 17
VisualStudioVersion = 17.4.33213.308
MinimumVisualStudioVersion = 10.0.40219.1
Project("{FAE04EC0-301F-11D3-BF4B-00C04F79EFBC}") = "CCIWebClient", "CCIWebClient.csproj", "{04660611-FB08-413A-85A3-7FA09980C8D8}"
EndProject
Project("{FAE04EC0-301F-11D3-BF4B-00C04F79EFBC}") = "CCI.Common", "..\CCI.Common\CCI.Common.csproj", "{50D6E879-46C7-4930-8573-1763988A74CF}"
EndProject
Project("{FAE04EC0-301F-11D3-BF4B-00C04F79EFBC}") = "ACG", "..\..\acg\trunk\ACG\ACG.csproj", "{A9E993B0-A25A-4F36-9339-1D7F6E6F5ADA}"
EndProject
Global
	GlobalSection(SolutionConfigurationPlatforms) = preSolution
		Debug|Any CPU = Debug|Any CPU
		Debug|x86 = Debug|x86
		Release|Any CPU = Release|Any CPU
		Release|x86 = Release|x86
	EndGlobalSection
	GlobalSection(ProjectConfigurationPlatforms) = postSolution
		{04660611-FB08-413A-85A3-7FA09980C8D8}.Debug|Any CPU.ActiveCfg = Debug|Any CPU
		{04660611-FB08-413A-85A3-7FA09980C8D8}.Debug|Any CPU.Build.0 = Debug|Any CPU
		{04660611-FB08-413A-85A3-7FA09980C8D8}.Debug|x86.ActiveCfg = Debug|x86
		{04660611-FB08-413A-85A3-7FA09980C8D8}.Debug|x86.Build.0 = Debug|x86
		{04660611-FB08-413A-85A3-7FA09980C8D8}.Release|Any CPU.ActiveCfg = Release|Any CPU
		{04660611-FB08-413A-85A3-7FA09980C8D8}.Release|Any CPU.Build.0 = Release|Any CPU
		{04660611-FB08-413A-85A3-7FA09980C8D8}.Release|x86.ActiveCfg = Release|x86
		{04660611-FB08-413A-85A3-7FA09980C8D8}.Release|x86.Build.0 = Release|x86
		{50D6E879-46C7-4930-8573-1763988A74CF}.Debug|Any CPU.ActiveCfg = Debug|Any CPU
		{50D6E879-46C7-4930-8573-1763988A74CF}.Debug|Any CPU.Build.0 = Debug|Any CPU
		{50D6E879-46C7-4930-8573-1763988A74CF}.Debug|x86.ActiveCfg = Debug|x86
		{50D6E879-46C7-4930-8573-1763988A74CF}.Debug|x86.Build.0 = Debug|x86
		{50D6E879-46C7-4930-8573-1763988A74CF}.Release|Any CPU.ActiveCfg = Release|Any CPU
		{50D6E879-46C7-4930-8573-1763988A74CF}.Release|Any CPU.Build.0 = Release|Any CPU
		{50D6E879-46C7-4930-8573-1763988A74CF}.Release|x86.ActiveCfg = Release|x86
		{50D6E879-46C7-4930-8573-1763988A74CF}.Release|x86.Build.0 = Release|x86
		{A9E993B0-A25A-4F36-9339-1D7F6E6F5ADA}.Debug|Any CPU.ActiveCfg = Debug|Any CPU
		{A9E993B0-A25A-4F36-9339-1D7F6E6F5ADA}.Debug|Any CPU.Build.0 = Debug|Any CPU
		{A9E993B0-A25A-4F36-9339-1D7F6E6F5ADA}.Debug|x86.ActiveCfg = Debug|x86
		{A9E993B0-A25A-4F36-9339-1D7F6E6F5ADA}.Debug|x86.Build.0 = Debug|x86
		{A9E993B0-A25A-4F36-9339-1D7F6E6F5ADA}.Release|Any CPU.ActiveCfg = Release|Any CPU
		{A9E993B0-A25A-4F36-9339-1D7F6E6F5ADA}.Release|Any CPU.Build.0 = Release|Any CPU
		{A9E993B0-A25A-4F36-9339-1D7F6E6F5ADA}.Release|x86.ActiveCfg = Release|x86
		{A9E993B0-A25A-4F36-9339-1D7F6E6F5ADA}.Release|x86.Build.0 = Release|x86
	EndGlobalSection
	GlobalSection(SolutionProperties) = preSolution
		HideSolutionNode = FALSE
	EndGlobalSection
	GlobalSection(ExtensibilityGlobals) = postSolution
		SolutionGuid = {4C9D8B7D-AEA5-4EBA-9DE1-8A59F96E5EBC}
	EndGlobalSection
EndGlobal
